
Microsoft Visual Studio Solution File, Format Version 12.00
# Visual Studio Version 17
VisualStudioVersion = 17.6.33723.286
MinimumVisualStudioVersion = 10.0.40219.1
Project("{FAE04EC0-301F-11D3-BF4B-00C04F79EFBC}") = "ToplantıUygulamasi", "ToplantıUygulamasi\ToplantıUygulamasi.csproj", "{316A267B-5430-4478-8F4C-BED43530CC0C}"
EndProject
Global
	GlobalSection(SolutionConfigurationPlatforms) = preSolution
		Debug|Any CPU = Debug|Any CPU
		Release|Any CPU = Release|Any CPU
	EndGlobalSection
	GlobalSection(ProjectConfigurationPlatforms) = postSolution
		{316A267B-5430-4478-8F4C-BED43530CC0C}.Debug|Any CPU.ActiveCfg = Debug|Any CPU
		{316A267B-5430-4478-8F4C-BED43530CC0C}.Debug|Any CPU.Build.0 = Debug|Any CPU
		{316A267B-5430-4478-8F4C-BED43530CC0C}.Release|Any CPU.ActiveCfg = Release|Any CPU
		{316A267B-5430-4478-8F4C-BED43530CC0C}.Release|Any CPU.Build.0 = Release|Any CPU
	EndGlobalSection
	GlobalSection(SolutionProperties) = preSolution
		HideSolutionNode = FALSE
	EndGlobalSection
	GlobalSection(ExtensibilityGlobals) = postSolution
		SolutionGuid = {2D9DAC67-0A34-44C3-95FB-83076788660A}
	EndGlobalSection
EndGlobal
